
Microsoft Visual Studio Solution File, Format Version 12.00
# Visual Studio Version 17
VisualStudioVersion = 17.14.36327.8
MinimumVisualStudioVersion = 10.0.40219.1
Project("{FAE04EC0-301F-11D3-BF4B-00C04F79EFBC}") = "IDClassificationNew1", "IDClassificationNew1\IDClassificationNew1.csproj", "{D87EC53D-D436-496E-9260-60F377773548}"
EndProject
Global
	GlobalSection(SolutionConfigurationPlatforms) = preSolution
		Debug|Any CPU = Debug|Any CPU
		Release|Any CPU = Release|Any CPU
	EndGlobalSection
	GlobalSection(ProjectConfigurationPlatforms) = postSolution
		{D87EC53D-D436-496E-9260-60F377773548}.Debug|Any CPU.ActiveCfg = Debug|Any CPU
		{D87EC53D-D436-496E-9260-60F377773548}.Debug|Any CPU.Build.0 = Debug|Any CPU
		{D87EC53D-D436-496E-9260-60F377773548}.Release|Any CPU.ActiveCfg = Release|Any CPU
		{D87EC53D-D436-496E-9260-60F377773548}.Release|Any CPU.Build.0 = Release|Any CPU
	EndGlobalSection
	GlobalSection(SolutionProperties) = preSolution
		HideSolutionNode = FALSE
	EndGlobalSection
	GlobalSection(ExtensibilityGlobals) = postSolution
		SolutionGuid = {0CF975E7-5E07-4CFA-83DB-CC6361FEBB5E}
	EndGlobalSection
EndGlobal
